
Microsoft Visual Studio Solution File, Format Version 12.00
# Visual Studio 15
VisualStudioVersion = 15.0.28010.2046
MinimumVisualStudioVersion = 10.0.40219.1
Project("{FAE04EC0-301F-11D3-BF4B-00C04F79EFBC}") = "MCModSync", "MCModSync.csproj", "{1BA0C8E0-2025-44D5-84E2-4C5B11886D02}"
EndProject
Global
	GlobalSection(SolutionConfigurationPlatforms) = preSolution
		Debug|Any CPU = Debug|Any CPU
		Release|Any CPU = Release|Any CPU
	EndGlobalSection
	GlobalSection(ProjectConfigurationPlatforms) = postSolution
		{1BA0C8E0-2025-44D5-84E2-4C5B11886D02}.Debug|Any CPU.ActiveCfg = Debug|Any CPU
		{1BA0C8E0-2025-44D5-84E2-4C5B11886D02}.Debug|Any CPU.Build.0 = Debug|Any CPU
		{1BA0C8E0-2025-44D5-84E2-4C5B11886D02}.Release|Any CPU.ActiveCfg = Release|Any CPU
		{1BA0C8E0-2025-44D5-84E2-4C5B11886D02}.Release|Any CPU.Build.0 = Release|Any CPU
	EndGlobalSection
	GlobalSection(SolutionProperties) = preSolution
		HideSolutionNode = FALSE
	EndGlobalSection
	GlobalSection(ExtensibilityGlobals) = postSolution
		SolutionGuid = {91929562-71BE-45E0-9EA9-65476B391E4F}
	EndGlobalSection
EndGlobal
